
Microsoft Visual Studio Solution File, Format Version 12.00
Project("{FAE04EC0-301F-11D3-BF4B-00C04F79EFBC}") = "Demo.API", "Demo.API\Demo.API.csproj", "{433DDB3E-7503-42B6-8A0B-6F814E711689}"
EndProject
Global
	GlobalSection(SolutionConfigurationPlatforms) = preSolution
		Debug|Any CPU = Debug|Any CPU
		Release|Any CPU = Release|Any CPU
	EndGlobalSection
	GlobalSection(ProjectConfigurationPlatforms) = postSolution
		{433DDB3E-7503-42B6-8A0B-6F814E711689}.Debug|Any CPU.ActiveCfg = Debug|Any CPU
		{433DDB3E-7503-42B6-8A0B-6F814E711689}.Debug|Any CPU.Build.0 = Debug|Any CPU
		{433DDB3E-7503-42B6-8A0B-6F814E711689}.Release|Any CPU.ActiveCfg = Release|Any CPU
		{433DDB3E-7503-42B6-8A0B-6F814E711689}.Release|Any CPU.Build.0 = Release|Any CPU
	EndGlobalSection
EndGlobal
